Microsoft Visual Studio Solution File, Format Version 12.00
# Visual Studio Version 17
VisualStudioVersion = 17.5.2.0
MinimumVisualStudioVersion = 10.0.40219.1
Project("{FAE04EC0-301F-11D3-BF4B-00C04F79EFBC}") = "winform-demo", "winform-demo\winform-demo.csproj", "{57C537B0-4E9B-0A19-C476-D4F4EA2A1549}"
EndProject
Global
	GlobalSection(SolutionConfigurationPlatforms) = preSolution
		Debug|Any CPU = Debug|Any CPU
		Release|Any CPU = Release|Any CPU
	EndGlobalSection
	GlobalSection(ProjectConfigurationPlatforms) = postSolution
		{57C537B0-4E9B-0A19-C476-D4F4EA2A1549}.Debug|Any CPU.ActiveCfg = Debug|Any CPU
		{57C537B0-4E9B-0A19-C476-D4F4EA2A1549}.Debug|Any CPU.Build.0 = Debug|Any CPU
		{57C537B0-4E9B-0A19-C476-D4F4EA2A1549}.Release|Any CPU.ActiveCfg = Release|Any CPU
		{57C537B0-4E9B-0A19-C476-D4F4EA2A1549}.Release|Any CPU.Build.0 = Release|Any CPU
	EndGlobalSection
	GlobalSection(SolutionProperties) = preSolution
		HideSolutionNode = FALSE
	EndGlobalSection
	GlobalSection(ExtensibilityGlobals) = postSolution
		SolutionGuid = {143C7074-383E-467D-8433-7AFCD0B0CD8E}
	EndGlobalSection
EndGlobal 