Microsoft Visual Studio Solution File, Format Version 12.00
# Visual Studio Version 17
VisualStudioVersion = 17.5.2.0
MinimumVisualStudioVersion = 10.0.40219.1
Project("{FAE04EC0-301F-11D3-BF4B-00C04F79EFBC}") = "PointCloudViewer", "PointCloudViewer\PointCloudViewer.csproj", "{57C537B0-4E9B-0A19-C476-D4F4EA2A1549}"
EndProject
Global
	GlobalSection(SolutionConfigurationPlatforms) = preSolution
		Debug|x64 = Debug|x64
		Release|x64 = Release|x64
	EndGlobalSection
	GlobalSection(ProjectConfigurationPlatforms) = postSolution
		{57C537B0-4E9B-0A19-C476-D4F4EA2A1549}.Debug|x64.ActiveCfg = Debug|x64
		{57C537B0-4E9B-0A19-C476-D4F4EA2A1549}.Debug|x64.Build.0 = Debug|x64
		{57C537B0-4E9B-0A19-C476-D4F4EA2A1549}.Release|x64.ActiveCfg = Release|x64
		{57C537B0-4E9B-0A19-C476-D4F4EA2A1549}.Release|x64.Build.0 = Release|x64
	EndGlobalSection
	GlobalSection(SolutionProperties) = preSolution
		HideSolutionNode = FALSE
	EndGlobalSection
	GlobalSection(ExtensibilityGlobals) = postSolution
		SolutionGuid = {143C7074-383E-467D-8433-7AFCD0B0CD8E}
	EndGlobalSection
EndGlobal
